
Microsoft Visual Studio Solution File, Format Version 12.00
# Visual Studio Version 17
VisualStudioVersion = 17.8.34601.278
MinimumVisualStudioVersion = 10.0.40219.1
Project("{FAE04EC0-301F-11D3-BF4B-00C04F79EFBC}") = "01.RectangleOf10x10Stars", "01.RectangleOf10x10Stars\01.RectangleOf10x10Stars.csproj", "{9B38F309-1E37-4E68-8C88-A881B1E3DF11}"
EndProject
Project("{FAE04EC0-301F-11D3-BF4B-00C04F79EFBC}") = "02.RectangleOfNxNStars", "02.RectangleOfNxNStars\02.RectangleOfNxNStars.csproj", "{0046F1AB-D07B-41BA-A060-4EE1A988C754}"
EndProject
Project("{FAE04EC0-301F-11D3-BF4B-00C04F79EFBC}") = "03.SquareOfStars", "03.SquareOfStars\03.SquareOfStars.csproj", "{61C139FC-A4BD-4699-9E36-072F2B421435}"
EndProject
Project("{FAE04EC0-301F-11D3-BF4B-00C04F79EFBC}") = "04.TriangleOfDollars", "04.TriangleOfDollars\04.TriangleOfDollars.csproj", "{22FEC686-D8CE-4A20-AE77-0EB317C7B009}"
EndProject
Project("{FAE04EC0-301F-11D3-BF4B-00C04F79EFBC}") = "05.SquareFrame", "05.SquareFrame\05.SquareFrame.csproj", "{B28F2B55-8993-4675-9DF6-9FD3458FEFE7}"
EndProject
Project("{FAE04EC0-301F-11D3-BF4B-00C04F79EFBC}") = "06.RhombusOfStars", "06.RhombusOfStars\06.RhombusOfStars.csproj", "{99E08FA4-2A62-49A3-8F55-B3700E664766}"
EndProject
Project("{FAE04EC0-301F-11D3-BF4B-00C04F79EFBC}") = "07.ChristmasTree", "07.ChristmasTree\07.ChristmasTree.csproj", "{240EC9B0-09F7-4DCD-9A03-D6DBACE0B688}"
EndProject
Project("{FAE04EC0-301F-11D3-BF4B-00C04F79EFBC}") = "08.Sunglasses", "08.Sunglasses\08.Sunglasses.csproj", "{2AD28856-C8E7-4DEA-B1CD-7CFE6CE3DC44}"
EndProject
Project("{FAE04EC0-301F-11D3-BF4B-00C04F79EFBC}") = "09.House", "09.House\09.House.csproj", "{EAADABA1-8141-4D9F-B49C-D98E7963412F}"
EndProject
Project("{FAE04EC0-301F-11D3-BF4B-00C04F79EFBC}") = "10.Diamond", "10.Diamond\10.Diamond.csproj", "{207A0228-AD5D-47DE-8D13-E20E5CDC9239}"
EndProject
Global
	GlobalSection(SolutionConfigurationPlatforms) = preSolution
		Debug|Any CPU = Debug|Any CPU
		Release|Any CPU = Release|Any CPU
	EndGlobalSection
	GlobalSection(ProjectConfigurationPlatforms) = postSolution
		{9B38F309-1E37-4E68-8C88-A881B1E3DF11}.Debug|Any CPU.ActiveCfg = Debug|Any CPU
		{9B38F309-1E37-4E68-8C88-A881B1E3DF11}.Debug|Any CPU.Build.0 = Debug|Any CPU
		{9B38F309-1E37-4E68-8C88-A881B1E3DF11}.Release|Any CPU.ActiveCfg = Release|Any CPU
		{9B38F309-1E37-4E68-8C88-A881B1E3DF11}.Release|Any CPU.Build.0 = Release|Any CPU
		{0046F1AB-D07B-41BA-A060-4EE1A988C754}.Debug|Any CPU.ActiveCfg = Debug|Any CPU
		{0046F1AB-D07B-41BA-A060-4EE1A988C754}.Debug|Any CPU.Build.0 = Debug|Any CPU
		{0046F1AB-D07B-41BA-A060-4EE1A988C754}.Release|Any CPU.ActiveCfg = Release|Any CPU
		{0046F1AB-D07B-41BA-A060-4EE1A988C754}.Release|Any CPU.Build.0 = Release|Any CPU
		{61C139FC-A4BD-4699-9E36-072F2B421435}.Debug|Any CPU.ActiveCfg = Debug|Any CPU
		{61C139FC-A4BD-4699-9E36-072F2B421435}.Debug|Any CPU.Build.0 = Debug|Any CPU
		{61C139FC-A4BD-4699-9E36-072F2B421435}.Release|Any CPU.ActiveCfg = Release|Any CPU
		{61C139FC-A4BD-4699-9E36-072F2B421435}.Release|Any CPU.Build.0 = Release|Any CPU
		{22FEC686-D8CE-4A20-AE77-0EB317C7B009}.Debug|Any CPU.ActiveCfg = Debug|Any CPU
		{22FEC686-D8CE-4A20-AE77-0EB317C7B009}.Debug|Any CPU.Build.0 = Debug|Any CPU
		{22FEC686-D8CE-4A20-AE77-0EB317C7B009}.Release|Any CPU.ActiveCfg = Release|Any CPU
		{22FEC686-D8CE-4A20-AE77-0EB317C7B009}.Release|Any CPU.Build.0 = Release|Any CPU
		{B28F2B55-8993-4675-9DF6-9FD3458FEFE7}.Debug|Any CPU.ActiveCfg = Debug|Any CPU
		{B28F2B55-8993-4675-9DF6-9FD3458FEFE7}.Debug|Any CPU.Build.0 = Debug|Any CPU
		{B28F2B55-8993-4675-9DF6-9FD3458FEFE7}.Release|Any CPU.ActiveCfg = Release|Any CPU
		{B28F2B55-8993-4675-9DF6-9FD3458FEFE7}.Release|Any CPU.Build.0 = Release|Any CPU
		{99E08FA4-2A62-49A3-8F55-B3700E664766}.Debug|Any CPU.ActiveCfg = Debug|Any CPU
		{99E08FA4-2A62-49A3-8F55-B3700E664766}.Debug|Any CPU.Build.0 = Debug|Any CPU
		{99E08FA4-2A62-49A3-8F55-B3700E664766}.Release|Any CPU.ActiveCfg = Release|Any CPU
		{99E08FA4-2A62-49A3-8F55-B3700E664766}.Release|Any CPU.Build.0 = Release|Any CPU
		{240EC9B0-09F7-4DCD-9A03-D6DBACE0B688}.Debug|Any CPU.ActiveCfg = Debug|Any CPU
		{240EC9B0-09F7-4DCD-9A03-D6DBACE0B688}.Debug|Any CPU.Build.0 = Debug|Any CPU
		{240EC9B0-09F7-4DCD-9A03-D6DBACE0B688}.Release|Any CPU.ActiveCfg = Release|Any CPU
		{240EC9B0-09F7-4DCD-9A03-D6DBACE0B688}.Release|Any CPU.Build.0 = Release|Any CPU
		{2AD28856-C8E7-4DEA-B1CD-7CFE6CE3DC44}.Debug|Any CPU.ActiveCfg = Debug|Any CPU
		{2AD28856-C8E7-4DEA-B1CD-7CFE6CE3DC44}.Debug|Any CPU.Build.0 = Debug|Any CPU
		{2AD28856-C8E7-4DEA-B1CD-7CFE6CE3DC44}.Release|Any CPU.ActiveCfg = Release|Any CPU
		{2AD28856-C8E7-4DEA-B1CD-7CFE6CE3DC44}.Release|Any CPU.Build.0 = Release|Any CPU
		{EAADABA1-8141-4D9F-B49C-D98E7963412F}.Debug|Any CPU.ActiveCfg = Debug|Any CPU
		{EAADABA1-8141-4D9F-B49C-D98E7963412F}.Debug|Any CPU.Build.0 = Debug|Any CPU
		{EAADABA1-8141-4D9F-B49C-D98E7963412F}.Release|Any CPU.ActiveCfg = Release|Any CPU
		{EAADABA1-8141-4D9F-B49C-D98E7963412F}.Release|Any CPU.Build.0 = Release|Any CPU
		{207A0228-AD5D-47DE-8D13-E20E5CDC9239}.Debug|Any CPU.ActiveCfg = Debug|Any CPU
		{207A0228-AD5D-47DE-8D13-E20E5CDC9239}.Debug|Any CPU.Build.0 = Debug|Any CPU
		{207A0228-AD5D-47DE-8D13-E20E5CDC9239}.Release|Any CPU.ActiveCfg = Release|Any CPU
		{207A0228-AD5D-47DE-8D13-E20E5CDC9239}.Release|Any CPU.Build.0 = Release|Any CPU
	EndGlobalSection
	GlobalSection(SolutionProperties) = preSolution
		HideSolutionNode = FALSE
	EndGlobalSection
	GlobalSection(ExtensibilityGlobals) = postSolution
		SolutionGuid = {43B03549-0005-4CF5-AEB2-39421871C926}
	EndGlobalSection
EndGlobal
