
Microsoft Visual Studio Solution File, Format Version 12.00
# Visual Studio Version 17
VisualStudioVersion = 17.8.34511.84
MinimumVisualStudioVersion = 10.0.40219.1
Project("{FAE04EC0-301F-11D3-BF4B-00C04F79EFBC}") = "01.NumbersFrom1To100", "01.NumbersFrom1To100\01.NumbersFrom1To100.csproj", "{120C948B-B8C9-43BF-BA47-16FB536B8FD1}"
EndProject
Project("{FAE04EC0-301F-11D3-BF4B-00C04F79EFBC}") = "02.NumbersNTo1", "02.NumbersNTo1\02.NumbersNTo1.csproj", "{1B595E2E-FAEB-4758-8791-C9685EEB81C0}"
EndProject
Project("{FAE04EC0-301F-11D3-BF4B-00C04F79EFBC}") = "03.Numbers1ToNWithStep3", "03.Numbers1ToNWithStep3\03.Numbers1ToNWithStep3.csproj", "{4C93115E-56F7-42A6-92AE-E3EC17129DC5}"
EndProject
Project("{FAE04EC0-301F-11D3-BF4B-00C04F79EFBC}") = "04.EvenPowersOf2", "04.EvenPowersOf2\04.EvenPowersOf2.csproj", "{DBEFB61C-05B0-476D-AD8B-1CA4800FCF91}"
EndProject
Project("{FAE04EC0-301F-11D3-BF4B-00C04F79EFBC}") = "05.CharacterSequence", "05.CharacterSequence\05.CharacterSequence.csproj", "{D9616372-6A28-4129-B9F3-C717B8300535}"
EndProject
Project("{FAE04EC0-301F-11D3-BF4B-00C04F79EFBC}") = "06.VowelsSum", "06.VowelsSum\06.VowelsSum.csproj", "{49051A2D-2FB6-4AD8-A40B-FC0DAEF4BCEB}"
EndProject
Project("{FAE04EC0-301F-11D3-BF4B-00C04F79EFBC}") = "07.SumNumbers", "07.SumNumbers\07.SumNumbers.csproj", "{0ADC3097-3798-4EB5-BCD0-7A587A1548E1}"
EndProject
Project("{FAE04EC0-301F-11D3-BF4B-00C04F79EFBC}") = "08.NumberSequence", "08.NumberSequence\08.NumberSequence.csproj", "{DB3E1288-CC38-4191-A47B-860890F25DE5}"
EndProject
Project("{FAE04EC0-301F-11D3-BF4B-00C04F79EFBC}") = "09.LeftAndRightSum", "09.LeftAndRightSum\09.LeftAndRightSum.csproj", "{4C7CD12D-9D19-4BBC-BF47-14B1B577902D}"
EndProject
Project("{FAE04EC0-301F-11D3-BF4B-00C04F79EFBC}") = "10.OddEvenSum", "10.OddEvenSum\10.OddEvenSum.csproj", "{177B887F-6C03-4B3A-9EB1-54B93578EDB8}"
EndProject
Global
	GlobalSection(SolutionConfigurationPlatforms) = preSolution
		Debug|Any CPU = Debug|Any CPU
		Release|Any CPU = Release|Any CPU
	EndGlobalSection
	GlobalSection(ProjectConfigurationPlatforms) = postSolution
		{120C948B-B8C9-43BF-BA47-16FB536B8FD1}.Debug|Any CPU.ActiveCfg = Debug|Any CPU
		{120C948B-B8C9-43BF-BA47-16FB536B8FD1}.Debug|Any CPU.Build.0 = Debug|Any CPU
		{120C948B-B8C9-43BF-BA47-16FB536B8FD1}.Release|Any CPU.ActiveCfg = Release|Any CPU
		{120C948B-B8C9-43BF-BA47-16FB536B8FD1}.Release|Any CPU.Build.0 = Release|Any CPU
		{1B595E2E-FAEB-4758-8791-C9685EEB81C0}.Debug|Any CPU.ActiveCfg = Debug|Any CPU
		{1B595E2E-FAEB-4758-8791-C9685EEB81C0}.Debug|Any CPU.Build.0 = Debug|Any CPU
		{1B595E2E-FAEB-4758-8791-C9685EEB81C0}.Release|Any CPU.ActiveCfg = Release|Any CPU
		{1B595E2E-FAEB-4758-8791-C9685EEB81C0}.Release|Any CPU.Build.0 = Release|Any CPU
		{4C93115E-56F7-42A6-92AE-E3EC17129DC5}.Debug|Any CPU.ActiveCfg = Debug|Any CPU
		{4C93115E-56F7-42A6-92AE-E3EC17129DC5}.Debug|Any CPU.Build.0 = Debug|Any CPU
		{4C93115E-56F7-42A6-92AE-E3EC17129DC5}.Release|Any CPU.ActiveCfg = Release|Any CPU
		{4C93115E-56F7-42A6-92AE-E3EC17129DC5}.Release|Any CPU.Build.0 = Release|Any CPU
		{DBEFB61C-05B0-476D-AD8B-1CA4800FCF91}.Debug|Any CPU.ActiveCfg = Debug|Any CPU
		{DBEFB61C-05B0-476D-AD8B-1CA4800FCF91}.Debug|Any CPU.Build.0 = Debug|Any CPU
		{DBEFB61C-05B0-476D-AD8B-1CA4800FCF91}.Release|Any CPU.ActiveCfg = Release|Any CPU
		{DBEFB61C-05B0-476D-AD8B-1CA4800FCF91}.Release|Any CPU.Build.0 = Release|Any CPU
		{D9616372-6A28-4129-B9F3-C717B8300535}.Debug|Any CPU.ActiveCfg = Debug|Any CPU
		{D9616372-6A28-4129-B9F3-C717B8300535}.Debug|Any CPU.Build.0 = Debug|Any CPU
		{D9616372-6A28-4129-B9F3-C717B8300535}.Release|Any CPU.ActiveCfg = Release|Any CPU
		{D9616372-6A28-4129-B9F3-C717B8300535}.Release|Any CPU.Build.0 = Release|Any CPU
		{49051A2D-2FB6-4AD8-A40B-FC0DAEF4BCEB}.Debug|Any CPU.ActiveCfg = Debug|Any CPU
		{49051A2D-2FB6-4AD8-A40B-FC0DAEF4BCEB}.Debug|Any CPU.Build.0 = Debug|Any CPU
		{49051A2D-2FB6-4AD8-A40B-FC0DAEF4BCEB}.Release|Any CPU.ActiveCfg = Release|Any CPU
		{49051A2D-2FB6-4AD8-A40B-FC0DAEF4BCEB}.Release|Any CPU.Build.0 = Release|Any CPU
		{0ADC3097-3798-4EB5-BCD0-7A587A1548E1}.Debug|Any CPU.ActiveCfg = Debug|Any CPU
		{0ADC3097-3798-4EB5-BCD0-7A587A1548E1}.Debug|Any CPU.Build.0 = Debug|Any CPU
		{0ADC3097-3798-4EB5-BCD0-7A587A1548E1}.Release|Any CPU.ActiveCfg = Release|Any CPU
		{0ADC3097-3798-4EB5-BCD0-7A587A1548E1}.Release|Any CPU.Build.0 = Release|Any CPU
		{DB3E1288-CC38-4191-A47B-860890F25DE5}.Debug|Any CPU.ActiveCfg = Debug|Any CPU
		{DB3E1288-CC38-4191-A47B-860890F25DE5}.Debug|Any CPU.Build.0 = Debug|Any CPU
		{DB3E1288-CC38-4191-A47B-860890F25DE5}.Release|Any CPU.ActiveCfg = Release|Any CPU
		{DB3E1288-CC38-4191-A47B-860890F25DE5}.Release|Any CPU.Build.0 = Release|Any CPU
		{4C7CD12D-9D19-4BBC-BF47-14B1B577902D}.Debug|Any CPU.ActiveCfg = Debug|Any CPU
		{4C7CD12D-9D19-4BBC-BF47-14B1B577902D}.Debug|Any CPU.Build.0 = Debug|Any CPU
		{4C7CD12D-9D19-4BBC-BF47-14B1B577902D}.Release|Any CPU.ActiveCfg = Release|Any CPU
		{4C7CD12D-9D19-4BBC-BF47-14B1B577902D}.Release|Any CPU.Build.0 = Release|Any CPU
		{177B887F-6C03-4B3A-9EB1-54B93578EDB8}.Debug|Any CPU.ActiveCfg = Debug|Any CPU
		{177B887F-6C03-4B3A-9EB1-54B93578EDB8}.Debug|Any CPU.Build.0 = Debug|Any CPU
		{177B887F-6C03-4B3A-9EB1-54B93578EDB8}.Release|Any CPU.ActiveCfg = Release|Any CPU
		{177B887F-6C03-4B3A-9EB1-54B93578EDB8}.Release|Any CPU.Build.0 = Release|Any CPU
	EndGlobalSection
	GlobalSection(SolutionProperties) = preSolution
		HideSolutionNode = FALSE
	EndGlobalSection
	GlobalSection(ExtensibilityGlobals) = postSolution
		SolutionGuid = {85150945-53E7-4671-B555-15D821972FD7}
	EndGlobalSection
EndGlobal
