
Microsoft Visual Studio Solution File, Format Version 12.00
# Visual Studio Version 17
VisualStudioVersion = 17.8.34511.84
MinimumVisualStudioVersion = 10.0.40219.1
Project("{9A19103F-16F7-4668-BE54-9A1E7A4F7556}") = "01.Cinema", "01.Cinema\01.Cinema.csproj", "{EA8AA4FA-BC0C-409B-9E1A-0294459909DD}"
EndProject
Project("{9A19103F-16F7-4668-BE54-9A1E7A4F7556}") = "02.SummerOutfit", "02.SummerOutfit\02.SummerOutfit.csproj", "{70911286-F69B-43B3-B6EC-797F5A936BE6}"
EndProject
Project("{9A19103F-16F7-4668-BE54-9A1E7A4F7556}") = "03.NewHouse", "03.NewHouse\03.NewHouse.csproj", "{30D1AE90-8157-42D8-BB2A-C338961BC45B}"
EndProject
Project("{9A19103F-16F7-4668-BE54-9A1E7A4F7556}") = "04.FishingBoat", "04.FishingBoat\04.FishingBoat.csproj", "{B7A82D89-D8DA-42A1-B441-27A7907E6265}"
EndProject
Project("{9A19103F-16F7-4668-BE54-9A1E7A4F7556}") = "05.Journey", "05.Journey\05.Journey.csproj", "{DAD4F208-C9B3-4ED7-B29A-6965B7B80FA5}"
EndProject
Project("{9A19103F-16F7-4668-BE54-9A1E7A4F7556}") = "06.OperationsBetweenNumbers", "ConsoleApp1\06.OperationsBetweenNumbers.csproj", "{DBC73C7D-501E-438E-A4F0-20080966012B}"
EndProject
Project("{FAE04EC0-301F-11D3-BF4B-00C04F79EFBC}") = "07.HotelRoom", "07.HotelRoom\07.HotelRoom.csproj", "{56FCACD8-A8DC-45A4-9A91-3287ECD4FBAD}"
EndProject
Project("{FAE04EC0-301F-11D3-BF4B-00C04F79EFBC}") = "08.OnTimeForTheExam", "08.OnTimeForTheExam\08.OnTimeForTheExam.csproj", "{3C2ABCC8-3105-4FD9-ADCA-C82AE915A6F8}"
EndProject
Project("{FAE04EC0-301F-11D3-BF4B-00C04F79EFBC}") = "09.SkiTrip", "09.SkiTrip\09.SkiTrip.csproj", "{9B5F465F-7E47-4611-A7C0-ABA50D088457}"
EndProject
Global
	GlobalSection(SolutionConfigurationPlatforms) = preSolution
		Debug|Any CPU = Debug|Any CPU
		Release|Any CPU = Release|Any CPU
	EndGlobalSection
	GlobalSection(ProjectConfigurationPlatforms) = postSolution
		{EA8AA4FA-BC0C-409B-9E1A-0294459909DD}.Debug|Any CPU.ActiveCfg = Debug|Any CPU
		{EA8AA4FA-BC0C-409B-9E1A-0294459909DD}.Debug|Any CPU.Build.0 = Debug|Any CPU
		{EA8AA4FA-BC0C-409B-9E1A-0294459909DD}.Release|Any CPU.ActiveCfg = Release|Any CPU
		{EA8AA4FA-BC0C-409B-9E1A-0294459909DD}.Release|Any CPU.Build.0 = Release|Any CPU
		{70911286-F69B-43B3-B6EC-797F5A936BE6}.Debug|Any CPU.ActiveCfg = Debug|Any CPU
		{70911286-F69B-43B3-B6EC-797F5A936BE6}.Debug|Any CPU.Build.0 = Debug|Any CPU
		{70911286-F69B-43B3-B6EC-797F5A936BE6}.Release|Any CPU.ActiveCfg = Release|Any CPU
		{70911286-F69B-43B3-B6EC-797F5A936BE6}.Release|Any CPU.Build.0 = Release|Any CPU
		{30D1AE90-8157-42D8-BB2A-C338961BC45B}.Debug|Any CPU.ActiveCfg = Debug|Any CPU
		{30D1AE90-8157-42D8-BB2A-C338961BC45B}.Debug|Any CPU.Build.0 = Debug|Any CPU
		{30D1AE90-8157-42D8-BB2A-C338961BC45B}.Release|Any CPU.ActiveCfg = Release|Any CPU
		{30D1AE90-8157-42D8-BB2A-C338961BC45B}.Release|Any CPU.Build.0 = Release|Any CPU
		{B7A82D89-D8DA-42A1-B441-27A7907E6265}.Debug|Any CPU.ActiveCfg = Debug|Any CPU
		{B7A82D89-D8DA-42A1-B441-27A7907E6265}.Debug|Any CPU.Build.0 = Debug|Any CPU
		{B7A82D89-D8DA-42A1-B441-27A7907E6265}.Release|Any CPU.ActiveCfg = Release|Any CPU
		{B7A82D89-D8DA-42A1-B441-27A7907E6265}.Release|Any CPU.Build.0 = Release|Any CPU
		{DAD4F208-C9B3-4ED7-B29A-6965B7B80FA5}.Debug|Any CPU.ActiveCfg = Debug|Any CPU
		{DAD4F208-C9B3-4ED7-B29A-6965B7B80FA5}.Debug|Any CPU.Build.0 = Debug|Any CPU
		{DAD4F208-C9B3-4ED7-B29A-6965B7B80FA5}.Release|Any CPU.ActiveCfg = Release|Any CPU
		{DAD4F208-C9B3-4ED7-B29A-6965B7B80FA5}.Release|Any CPU.Build.0 = Release|Any CPU
		{DBC73C7D-501E-438E-A4F0-20080966012B}.Debug|Any CPU.ActiveCfg = Debug|Any CPU
		{DBC73C7D-501E-438E-A4F0-20080966012B}.Debug|Any CPU.Build.0 = Debug|Any CPU
		{DBC73C7D-501E-438E-A4F0-20080966012B}.Release|Any CPU.ActiveCfg = Release|Any CPU
		{DBC73C7D-501E-438E-A4F0-20080966012B}.Release|Any CPU.Build.0 = Release|Any CPU
		{56FCACD8-A8DC-45A4-9A91-3287ECD4FBAD}.Debug|Any CPU.ActiveCfg = Debug|Any CPU
		{56FCACD8-A8DC-45A4-9A91-3287ECD4FBAD}.Debug|Any CPU.Build.0 = Debug|Any CPU
		{56FCACD8-A8DC-45A4-9A91-3287ECD4FBAD}.Release|Any CPU.ActiveCfg = Release|Any CPU
		{56FCACD8-A8DC-45A4-9A91-3287ECD4FBAD}.Release|Any CPU.Build.0 = Release|Any CPU
		{3C2ABCC8-3105-4FD9-ADCA-C82AE915A6F8}.Debug|Any CPU.ActiveCfg = Debug|Any CPU
		{3C2ABCC8-3105-4FD9-ADCA-C82AE915A6F8}.Debug|Any CPU.Build.0 = Debug|Any CPU
		{3C2ABCC8-3105-4FD9-ADCA-C82AE915A6F8}.Release|Any CPU.ActiveCfg = Release|Any CPU
		{3C2ABCC8-3105-4FD9-ADCA-C82AE915A6F8}.Release|Any CPU.Build.0 = Release|Any CPU
		{9B5F465F-7E47-4611-A7C0-ABA50D088457}.Debug|Any CPU.ActiveCfg = Debug|Any CPU
		{9B5F465F-7E47-4611-A7C0-ABA50D088457}.Debug|Any CPU.Build.0 = Debug|Any CPU
		{9B5F465F-7E47-4611-A7C0-ABA50D088457}.Release|Any CPU.ActiveCfg = Release|Any CPU
		{9B5F465F-7E47-4611-A7C0-ABA50D088457}.Release|Any CPU.Build.0 = Release|Any CPU
	EndGlobalSection
	GlobalSection(SolutionProperties) = preSolution
		HideSolutionNode = FALSE
	EndGlobalSection
	GlobalSection(ExtensibilityGlobals) = postSolution
		SolutionGuid = {C14B0490-BBA7-4AEF-A2AF-F0E35BEFA14B}
	EndGlobalSection
EndGlobal
