
Microsoft Visual Studio Solution File, Format Version 12.00
# Visual Studio Version 17
VisualStudioVersion = 17.8.34601.278
MinimumVisualStudioVersion = 10.0.40219.1
Project("{FAE04EC0-301F-11D3-BF4B-00C04F79EFBC}") = "01.SortNumbers", "01.SortNumbers\01.SortNumbers.csproj", "{70020977-A229-4810-A14B-1A8E7130DF9A}"
EndProject
Project("{FAE04EC0-301F-11D3-BF4B-00C04F79EFBC}") = "02.EnglishNameOfTheLastDigit", "02.EnglishNameOfTheLastDigit\02.EnglishNameOfTheLastDigit.csproj", "{D5E9DBBA-F169-4E29-8D0F-D88D9AE91E49}"
EndProject
Project("{FAE04EC0-301F-11D3-BF4B-00C04F79EFBC}") = "03.GamingStore", "03.GamingStore\03.GamingStore.csproj", "{8E8F579C-0B97-4C61-9557-4692B6020D30}"
EndProject
Project("{FAE04EC0-301F-11D3-BF4B-00C04F79EFBC}") = "04.ReverseString", "04.ReverseString\04.ReverseString.csproj", "{D2A0B736-56A0-45C2-97D6-8F8C0A3F4806}"
EndProject
Project("{FAE04EC0-301F-11D3-BF4B-00C04F79EFBC}") = "05.Messages", "05.Messages\05.Messages.csproj", "{D7F32EF8-1B11-4D41-9CBB-7C962DE596B0}"
EndProject
Global
	GlobalSection(SolutionConfigurationPlatforms) = preSolution
		Debug|Any CPU = Debug|Any CPU
		Release|Any CPU = Release|Any CPU
	EndGlobalSection
	GlobalSection(ProjectConfigurationPlatforms) = postSolution
		{70020977-A229-4810-A14B-1A8E7130DF9A}.Debug|Any CPU.ActiveCfg = Debug|Any CPU
		{70020977-A229-4810-A14B-1A8E7130DF9A}.Debug|Any CPU.Build.0 = Debug|Any CPU
		{70020977-A229-4810-A14B-1A8E7130DF9A}.Release|Any CPU.ActiveCfg = Release|Any CPU
		{70020977-A229-4810-A14B-1A8E7130DF9A}.Release|Any CPU.Build.0 = Release|Any CPU
		{D5E9DBBA-F169-4E29-8D0F-D88D9AE91E49}.Debug|Any CPU.ActiveCfg = Debug|Any CPU
		{D5E9DBBA-F169-4E29-8D0F-D88D9AE91E49}.Debug|Any CPU.Build.0 = Debug|Any CPU
		{D5E9DBBA-F169-4E29-8D0F-D88D9AE91E49}.Release|Any CPU.ActiveCfg = Release|Any CPU
		{D5E9DBBA-F169-4E29-8D0F-D88D9AE91E49}.Release|Any CPU.Build.0 = Release|Any CPU
		{8E8F579C-0B97-4C61-9557-4692B6020D30}.Debug|Any CPU.ActiveCfg = Debug|Any CPU
		{8E8F579C-0B97-4C61-9557-4692B6020D30}.Debug|Any CPU.Build.0 = Debug|Any CPU
		{8E8F579C-0B97-4C61-9557-4692B6020D30}.Release|Any CPU.ActiveCfg = Release|Any CPU
		{8E8F579C-0B97-4C61-9557-4692B6020D30}.Release|Any CPU.Build.0 = Release|Any CPU
		{D2A0B736-56A0-45C2-97D6-8F8C0A3F4806}.Debug|Any CPU.ActiveCfg = Debug|Any CPU
		{D2A0B736-56A0-45C2-97D6-8F8C0A3F4806}.Debug|Any CPU.Build.0 = Debug|Any CPU
		{D2A0B736-56A0-45C2-97D6-8F8C0A3F4806}.Release|Any CPU.ActiveCfg = Release|Any CPU
		{D2A0B736-56A0-45C2-97D6-8F8C0A3F4806}.Release|Any CPU.Build.0 = Release|Any CPU
		{D7F32EF8-1B11-4D41-9CBB-7C962DE596B0}.Debug|Any CPU.ActiveCfg = Debug|Any CPU
		{D7F32EF8-1B11-4D41-9CBB-7C962DE596B0}.Debug|Any CPU.Build.0 = Debug|Any CPU
		{D7F32EF8-1B11-4D41-9CBB-7C962DE596B0}.Release|Any CPU.ActiveCfg = Release|Any CPU
		{D7F32EF8-1B11-4D41-9CBB-7C962DE596B0}.Release|Any CPU.Build.0 = Release|Any CPU
	EndGlobalSection
	GlobalSection(SolutionProperties) = preSolution
		HideSolutionNode = FALSE
	EndGlobalSection
	GlobalSection(ExtensibilityGlobals) = postSolution
		SolutionGuid = {95667331-4F93-4215-8EEF-DE4847EC5F75}
	EndGlobalSection
EndGlobal
