
Microsoft Visual Studio Solution File, Format Version 12.00
# Visual Studio Version 17
VisualStudioVersion = 17.8.34601.278
MinimumVisualStudioVersion = 10.0.40219.1
Project("{FAE04EC0-301F-11D3-BF4B-00C04F79EFBC}") = "01_PCStore", "01_PCStore\01_PCStore.csproj", "{563946D6-3588-48DF-A1F0-4B44EB9103A3}"
EndProject
Project("{FAE04EC0-301F-11D3-BF4B-00C04F79EFBC}") = "02.MaidenParty", "02.MaidenParty\02.MaidenParty.csproj", "{B79CCF7D-0631-4B90-8286-B9EFB08DFAA3}"
EndProject
Project("{FAE04EC0-301F-11D3-BF4B-00C04F79EFBC}") = "03.SantasHoliday", "03.SantasHoliday\03.SantasHoliday.csproj", "{C6F397C4-3C05-4C43-A6CD-F8132E1E6CA3}"
EndProject
Project("{FAE04EC0-301F-11D3-BF4B-00C04F79EFBC}") = "04.ComputerFirm", "04.ComputerFirm\04.ComputerFirm.csproj", "{F2062322-31C9-4B90-BCC9-60A289420B92}"
EndProject
Project("{FAE04EC0-301F-11D3-BF4B-00C04F79EFBC}") = "05.BestPlayer", "05.BestPlayer\05.BestPlayer.csproj", "{E4225400-EE60-4DED-8009-DBC17188A899}"
EndProject
Project("{FAE04EC0-301F-11D3-BF4B-00C04F79EFBC}") = "06.MultiplyTable", "06.MultiplyTable\06.MultiplyTable.csproj", "{E4ADC8B3-7BB4-487D-8A64-EC629CF03502}"
EndProject
Global
	GlobalSection(SolutionConfigurationPlatforms) = preSolution
		Debug|Any CPU = Debug|Any CPU
		Release|Any CPU = Release|Any CPU
	EndGlobalSection
	GlobalSection(ProjectConfigurationPlatforms) = postSolution
		{563946D6-3588-48DF-A1F0-4B44EB9103A3}.Debug|Any CPU.ActiveCfg = Debug|Any CPU
		{563946D6-3588-48DF-A1F0-4B44EB9103A3}.Debug|Any CPU.Build.0 = Debug|Any CPU
		{563946D6-3588-48DF-A1F0-4B44EB9103A3}.Release|Any CPU.ActiveCfg = Release|Any CPU
		{563946D6-3588-48DF-A1F0-4B44EB9103A3}.Release|Any CPU.Build.0 = Release|Any CPU
		{B79CCF7D-0631-4B90-8286-B9EFB08DFAA3}.Debug|Any CPU.ActiveCfg = Debug|Any CPU
		{B79CCF7D-0631-4B90-8286-B9EFB08DFAA3}.Debug|Any CPU.Build.0 = Debug|Any CPU
		{B79CCF7D-0631-4B90-8286-B9EFB08DFAA3}.Release|Any CPU.ActiveCfg = Release|Any CPU
		{B79CCF7D-0631-4B90-8286-B9EFB08DFAA3}.Release|Any CPU.Build.0 = Release|Any CPU
		{C6F397C4-3C05-4C43-A6CD-F8132E1E6CA3}.Debug|Any CPU.ActiveCfg = Debug|Any CPU
		{C6F397C4-3C05-4C43-A6CD-F8132E1E6CA3}.Debug|Any CPU.Build.0 = Debug|Any CPU
		{C6F397C4-3C05-4C43-A6CD-F8132E1E6CA3}.Release|Any CPU.ActiveCfg = Release|Any CPU
		{C6F397C4-3C05-4C43-A6CD-F8132E1E6CA3}.Release|Any CPU.Build.0 = Release|Any CPU
		{F2062322-31C9-4B90-BCC9-60A289420B92}.Debug|Any CPU.ActiveCfg = Debug|Any CPU
		{F2062322-31C9-4B90-BCC9-60A289420B92}.Debug|Any CPU.Build.0 = Debug|Any CPU
		{F2062322-31C9-4B90-BCC9-60A289420B92}.Release|Any CPU.ActiveCfg = Release|Any CPU
		{F2062322-31C9-4B90-BCC9-60A289420B92}.Release|Any CPU.Build.0 = Release|Any CPU
		{E4225400-EE60-4DED-8009-DBC17188A899}.Debug|Any CPU.ActiveCfg = Debug|Any CPU
		{E4225400-EE60-4DED-8009-DBC17188A899}.Debug|Any CPU.Build.0 = Debug|Any CPU
		{E4225400-EE60-4DED-8009-DBC17188A899}.Release|Any CPU.ActiveCfg = Release|Any CPU
		{E4225400-EE60-4DED-8009-DBC17188A899}.Release|Any CPU.Build.0 = Release|Any CPU
		{E4ADC8B3-7BB4-487D-8A64-EC629CF03502}.Debug|Any CPU.ActiveCfg = Debug|Any CPU
		{E4ADC8B3-7BB4-487D-8A64-EC629CF03502}.Debug|Any CPU.Build.0 = Debug|Any CPU
		{E4ADC8B3-7BB4-487D-8A64-EC629CF03502}.Release|Any CPU.ActiveCfg = Release|Any CPU
		{E4ADC8B3-7BB4-487D-8A64-EC629CF03502}.Release|Any CPU.Build.0 = Release|Any CPU
	EndGlobalSection
	GlobalSection(SolutionProperties) = preSolution
		HideSolutionNode = FALSE
	EndGlobalSection
	GlobalSection(ExtensibilityGlobals) = postSolution
		SolutionGuid = {1EF7DF84-F000-4A2E-B0CE-26C8CC54B5CE}
	EndGlobalSection
EndGlobal
