
Microsoft Visual Studio Solution File, Format Version 12.00
# Visual Studio Version 17
VisualStudioVersion = 17.9.34607.119
MinimumVisualStudioVersion = 10.0.40219.1
Project("{2150E333-8FDC-42A3-9474-1A3956D46DE8}") = "FakeAxeAndDummy", "FakeAxeAndDummy", "{6169C9C8-05C3-4C98-9A22-4B6A5E026924}"
EndProject
Project("{FAE04EC0-301F-11D3-BF4B-00C04F79EFBC}") = "FakeAxeAndDummy", "FakeAxeAndDummy\FakeAxeAndDummy.csproj", "{5F5AFDE9-45FE-4AA0-AF2B-B184F19073F6}"
EndProject
Project("{FAE04EC0-301F-11D3-BF4B-00C04F79EFBC}") = "FakeAxeAndDummy.Tests", "FakeAxeAndDummy.Tests\FakeAxeAndDummy.Tests.csproj", "{CF3CFC8D-B7E5-4593-A07D-1F6018DCA4C2}"
EndProject
Project("{2150E333-8FDC-42A3-9474-1A3956D46DE8}") = "InStock", "InStock", "{03BD168D-B0DF-4DC7-AA03-153E2C6FF700}"
EndProject
Project("{FAE04EC0-301F-11D3-BF4B-00C04F79EFBC}") = "InStock", "InStock\InStock.csproj", "{11263317-52AF-4B9F-8A20-95F1FFD30F30}"
EndProject
Project("{FAE04EC0-301F-11D3-BF4B-00C04F79EFBC}") = "InStock.Tests", "InStock.Tests\InStock.Tests.csproj", "{7839FA3C-54E4-4105-BC5D-721059E7C2BF}"
EndProject
Global
	GlobalSection(SolutionConfigurationPlatforms) = preSolution
		Debug|Any CPU = Debug|Any CPU
		Release|Any CPU = Release|Any CPU
	EndGlobalSection
	GlobalSection(ProjectConfigurationPlatforms) = postSolution
		{5F5AFDE9-45FE-4AA0-AF2B-B184F19073F6}.Debug|Any CPU.ActiveCfg = Debug|Any CPU
		{5F5AFDE9-45FE-4AA0-AF2B-B184F19073F6}.Debug|Any CPU.Build.0 = Debug|Any CPU
		{5F5AFDE9-45FE-4AA0-AF2B-B184F19073F6}.Release|Any CPU.ActiveCfg = Release|Any CPU
		{5F5AFDE9-45FE-4AA0-AF2B-B184F19073F6}.Release|Any CPU.Build.0 = Release|Any CPU
		{CF3CFC8D-B7E5-4593-A07D-1F6018DCA4C2}.Debug|Any CPU.ActiveCfg = Debug|Any CPU
		{CF3CFC8D-B7E5-4593-A07D-1F6018DCA4C2}.Debug|Any CPU.Build.0 = Debug|Any CPU
		{CF3CFC8D-B7E5-4593-A07D-1F6018DCA4C2}.Release|Any CPU.ActiveCfg = Release|Any CPU
		{CF3CFC8D-B7E5-4593-A07D-1F6018DCA4C2}.Release|Any CPU.Build.0 = Release|Any CPU
		{11263317-52AF-4B9F-8A20-95F1FFD30F30}.Debug|Any CPU.ActiveCfg = Debug|Any CPU
		{11263317-52AF-4B9F-8A20-95F1FFD30F30}.Debug|Any CPU.Build.0 = Debug|Any CPU
		{11263317-52AF-4B9F-8A20-95F1FFD30F30}.Release|Any CPU.ActiveCfg = Release|Any CPU
		{11263317-52AF-4B9F-8A20-95F1FFD30F30}.Release|Any CPU.Build.0 = Release|Any CPU
		{7839FA3C-54E4-4105-BC5D-721059E7C2BF}.Debug|Any CPU.ActiveCfg = Debug|Any CPU
		{7839FA3C-54E4-4105-BC5D-721059E7C2BF}.Debug|Any CPU.Build.0 = Debug|Any CPU
		{7839FA3C-54E4-4105-BC5D-721059E7C2BF}.Release|Any CPU.ActiveCfg = Release|Any CPU
		{7839FA3C-54E4-4105-BC5D-721059E7C2BF}.Release|Any CPU.Build.0 = Release|Any CPU
	EndGlobalSection
	GlobalSection(SolutionProperties) = preSolution
		HideSolutionNode = FALSE
	EndGlobalSection
	GlobalSection(NestedProjects) = preSolution
		{5F5AFDE9-45FE-4AA0-AF2B-B184F19073F6} = {6169C9C8-05C3-4C98-9A22-4B6A5E026924}
		{CF3CFC8D-B7E5-4593-A07D-1F6018DCA4C2} = {6169C9C8-05C3-4C98-9A22-4B6A5E026924}
		{11263317-52AF-4B9F-8A20-95F1FFD30F30} = {03BD168D-B0DF-4DC7-AA03-153E2C6FF700}
		{7839FA3C-54E4-4105-BC5D-721059E7C2BF} = {03BD168D-B0DF-4DC7-AA03-153E2C6FF700}
	EndGlobalSection
	GlobalSection(ExtensibilityGlobals) = postSolution
		SolutionGuid = {106BEB18-8FB1-46FF-9BAE-111F91F3499B}
	EndGlobalSection
EndGlobal
