
Microsoft Visual Studio Solution File, Format Version 12.00
# Visual Studio Version 17
VisualStudioVersion = 17.8.34511.84
MinimumVisualStudioVersion = 10.0.40219.1
Project("{FAE04EC0-301F-11D3-BF4B-00C04F79EFBC}") = "01.DayOfWeek", "01.DayOfWeek\01.DayOfWeek.csproj", "{2F59EBB5-81D8-41B2-B38A-B7B4779FA4FD}"
EndProject
Project("{FAE04EC0-301F-11D3-BF4B-00C04F79EFBC}") = "02.WeekendOrWorkingDay", "02.WeekendOrWorkingDay\02.WeekendOrWorkingDay.csproj", "{A8949DCA-43E8-4F3C-930F-E726ECD00CE4}"
EndProject
Project("{FAE04EC0-301F-11D3-BF4B-00C04F79EFBC}") = "03.AnimalType", "03.AnimalType\03.AnimalType.csproj", "{0E4FD430-781F-4434-A8E2-953F39F51B71}"
EndProject
Project("{FAE04EC0-301F-11D3-BF4B-00C04F79EFBC}") = "04.PersonalTitles", "04.PersonalTitles\04.PersonalTitles.csproj", "{95F7AB25-2A64-43D3-8B42-1F3FC5ADE0AB}"
EndProject
Project("{FAE04EC0-301F-11D3-BF4B-00C04F79EFBC}") = "05.SmallShop", "05.SmallShop\05.SmallShop.csproj", "{D7630ED6-692D-4609-8568-61F6C70FCC4B}"
EndProject
Project("{FAE04EC0-301F-11D3-BF4B-00C04F79EFBC}") = "06.NumberInRange", "06.NumberInRange\06.NumberInRange.csproj", "{890B0FDB-C046-4505-A162-8A8D190303CD}"
EndProject
Project("{FAE04EC0-301F-11D3-BF4B-00C04F79EFBC}") = "07.WorkingHours", "07.WorkingHours\07.WorkingHours.csproj", "{22812747-EBE5-46DF-B55F-A06A20A3131F}"
EndProject
Project("{FAE04EC0-301F-11D3-BF4B-00C04F79EFBC}") = "08.CinemaTicket", "08.CinemaTicket\08.CinemaTicket.csproj", "{940A168F-A282-479D-8702-C823368C79E0}"
EndProject
Project("{FAE04EC0-301F-11D3-BF4B-00C04F79EFBC}") = "09.FruitOrVegetable", "09.FruitOrVegetable\09.FruitOrVegetable.csproj", "{34FC704F-FD13-447F-B101-D60925784318}"
EndProject
Project("{FAE04EC0-301F-11D3-BF4B-00C04F79EFBC}") = "10.InvalidNumber", "10.InvalidNumber\10.InvalidNumber.csproj", "{C4979943-1423-438E-8BCC-C956D5232400}"
EndProject
Project("{FAE04EC0-301F-11D3-BF4B-00C04F79EFBC}") = "11.FruitShop", "11.FruitShop\11.FruitShop.csproj", "{2C6FABAF-2BB9-488A-888F-6F2F9240F192}"
EndProject
Project("{FAE04EC0-301F-11D3-BF4B-00C04F79EFBC}") = "12.TradeCommissions", "12.TradeCommissions\12.TradeCommissions.csproj", "{B9B13750-07DB-417A-8EC6-A0BBB8CBDF13}"
EndProject
Global
	GlobalSection(SolutionConfigurationPlatforms) = preSolution
		Debug|Any CPU = Debug|Any CPU
		Release|Any CPU = Release|Any CPU
	EndGlobalSection
	GlobalSection(ProjectConfigurationPlatforms) = postSolution
		{2F59EBB5-81D8-41B2-B38A-B7B4779FA4FD}.Debug|Any CPU.ActiveCfg = Debug|Any CPU
		{2F59EBB5-81D8-41B2-B38A-B7B4779FA4FD}.Debug|Any CPU.Build.0 = Debug|Any CPU
		{2F59EBB5-81D8-41B2-B38A-B7B4779FA4FD}.Release|Any CPU.ActiveCfg = Release|Any CPU
		{2F59EBB5-81D8-41B2-B38A-B7B4779FA4FD}.Release|Any CPU.Build.0 = Release|Any CPU
		{A8949DCA-43E8-4F3C-930F-E726ECD00CE4}.Debug|Any CPU.ActiveCfg = Debug|Any CPU
		{A8949DCA-43E8-4F3C-930F-E726ECD00CE4}.Debug|Any CPU.Build.0 = Debug|Any CPU
		{A8949DCA-43E8-4F3C-930F-E726ECD00CE4}.Release|Any CPU.ActiveCfg = Release|Any CPU
		{A8949DCA-43E8-4F3C-930F-E726ECD00CE4}.Release|Any CPU.Build.0 = Release|Any CPU
		{0E4FD430-781F-4434-A8E2-953F39F51B71}.Debug|Any CPU.ActiveCfg = Debug|Any CPU
		{0E4FD430-781F-4434-A8E2-953F39F51B71}.Debug|Any CPU.Build.0 = Debug|Any CPU
		{0E4FD430-781F-4434-A8E2-953F39F51B71}.Release|Any CPU.ActiveCfg = Release|Any CPU
		{0E4FD430-781F-4434-A8E2-953F39F51B71}.Release|Any CPU.Build.0 = Release|Any CPU
		{95F7AB25-2A64-43D3-8B42-1F3FC5ADE0AB}.Debug|Any CPU.ActiveCfg = Debug|Any CPU
		{95F7AB25-2A64-43D3-8B42-1F3FC5ADE0AB}.Debug|Any CPU.Build.0 = Debug|Any CPU
		{95F7AB25-2A64-43D3-8B42-1F3FC5ADE0AB}.Release|Any CPU.ActiveCfg = Release|Any CPU
		{95F7AB25-2A64-43D3-8B42-1F3FC5ADE0AB}.Release|Any CPU.Build.0 = Release|Any CPU
		{D7630ED6-692D-4609-8568-61F6C70FCC4B}.Debug|Any CPU.ActiveCfg = Debug|Any CPU
		{D7630ED6-692D-4609-8568-61F6C70FCC4B}.Debug|Any CPU.Build.0 = Debug|Any CPU
		{D7630ED6-692D-4609-8568-61F6C70FCC4B}.Release|Any CPU.ActiveCfg = Release|Any CPU
		{D7630ED6-692D-4609-8568-61F6C70FCC4B}.Release|Any CPU.Build.0 = Release|Any CPU
		{890B0FDB-C046-4505-A162-8A8D190303CD}.Debug|Any CPU.ActiveCfg = Debug|Any CPU
		{890B0FDB-C046-4505-A162-8A8D190303CD}.Debug|Any CPU.Build.0 = Debug|Any CPU
		{890B0FDB-C046-4505-A162-8A8D190303CD}.Release|Any CPU.ActiveCfg = Release|Any CPU
		{890B0FDB-C046-4505-A162-8A8D190303CD}.Release|Any CPU.Build.0 = Release|Any CPU
		{22812747-EBE5-46DF-B55F-A06A20A3131F}.Debug|Any CPU.ActiveCfg = Debug|Any CPU
		{22812747-EBE5-46DF-B55F-A06A20A3131F}.Debug|Any CPU.Build.0 = Debug|Any CPU
		{22812747-EBE5-46DF-B55F-A06A20A3131F}.Release|Any CPU.ActiveCfg = Release|Any CPU
		{22812747-EBE5-46DF-B55F-A06A20A3131F}.Release|Any CPU.Build.0 = Release|Any CPU
		{940A168F-A282-479D-8702-C823368C79E0}.Debug|Any CPU.ActiveCfg = Debug|Any CPU
		{940A168F-A282-479D-8702-C823368C79E0}.Debug|Any CPU.Build.0 = Debug|Any CPU
		{940A168F-A282-479D-8702-C823368C79E0}.Release|Any CPU.ActiveCfg = Release|Any CPU
		{940A168F-A282-479D-8702-C823368C79E0}.Release|Any CPU.Build.0 = Release|Any CPU
		{34FC704F-FD13-447F-B101-D60925784318}.Debug|Any CPU.ActiveCfg = Debug|Any CPU
		{34FC704F-FD13-447F-B101-D60925784318}.Debug|Any CPU.Build.0 = Debug|Any CPU
		{34FC704F-FD13-447F-B101-D60925784318}.Release|Any CPU.ActiveCfg = Release|Any CPU
		{34FC704F-FD13-447F-B101-D60925784318}.Release|Any CPU.Build.0 = Release|Any CPU
		{C4979943-1423-438E-8BCC-C956D5232400}.Debug|Any CPU.ActiveCfg = Debug|Any CPU
		{C4979943-1423-438E-8BCC-C956D5232400}.Debug|Any CPU.Build.0 = Debug|Any CPU
		{C4979943-1423-438E-8BCC-C956D5232400}.Release|Any CPU.ActiveCfg = Release|Any CPU
		{C4979943-1423-438E-8BCC-C956D5232400}.Release|Any CPU.Build.0 = Release|Any CPU
		{2C6FABAF-2BB9-488A-888F-6F2F9240F192}.Debug|Any CPU.ActiveCfg = Debug|Any CPU
		{2C6FABAF-2BB9-488A-888F-6F2F9240F192}.Debug|Any CPU.Build.0 = Debug|Any CPU
		{2C6FABAF-2BB9-488A-888F-6F2F9240F192}.Release|Any CPU.ActiveCfg = Release|Any CPU
		{2C6FABAF-2BB9-488A-888F-6F2F9240F192}.Release|Any CPU.Build.0 = Release|Any CPU
		{B9B13750-07DB-417A-8EC6-A0BBB8CBDF13}.Debug|Any CPU.ActiveCfg = Debug|Any CPU
		{B9B13750-07DB-417A-8EC6-A0BBB8CBDF13}.Debug|Any CPU.Build.0 = Debug|Any CPU
		{B9B13750-07DB-417A-8EC6-A0BBB8CBDF13}.Release|Any CPU.ActiveCfg = Release|Any CPU
		{B9B13750-07DB-417A-8EC6-A0BBB8CBDF13}.Release|Any CPU.Build.0 = Release|Any CPU
	EndGlobalSection
	GlobalSection(SolutionProperties) = preSolution
		HideSolutionNode = FALSE
	EndGlobalSection
	GlobalSection(ExtensibilityGlobals) = postSolution
		SolutionGuid = {602BF58E-81BB-4AAC-8D37-5FC895BD479C}
	EndGlobalSection
EndGlobal
