
Microsoft Visual Studio Solution File, Format Version 12.00
# Visual Studio Version 17
VisualStudioVersion = 17.12.35527.113 d17.12
MinimumVisualStudioVersion = 10.0.40219.1
Project("{FAE04EC0-301F-11D3-BF4B-00C04F79EFBC}") = "01.Singleton", "01.Singleton\01.Singleton.csproj", "{2ADFB94D-4C4C-4EF0-8788-42B95AE022AE}"
EndProject
Project("{FAE04EC0-301F-11D3-BF4B-00C04F79EFBC}") = "02.Facade", "02.Facade\02.Facade.csproj", "{ADF52BA7-09D4-48E4-BEB7-E76A496572DB}"
EndProject
Project("{FAE04EC0-301F-11D3-BF4B-00C04F79EFBC}") = "03.CommandPattern", "03.CommandPattern\03.CommandPattern.csproj", "{A7CCD141-06D3-4C0B-AC7F-3A0D20D1BE51}"
EndProject
Global
	GlobalSection(SolutionConfigurationPlatforms) = preSolution
		Debug|Any CPU = Debug|Any CPU
		Release|Any CPU = Release|Any CPU
	EndGlobalSection
	GlobalSection(ProjectConfigurationPlatforms) = postSolution
		{2ADFB94D-4C4C-4EF0-8788-42B95AE022AE}.Debug|Any CPU.ActiveCfg = Debug|Any CPU
		{2ADFB94D-4C4C-4EF0-8788-42B95AE022AE}.Debug|Any CPU.Build.0 = Debug|Any CPU
		{2ADFB94D-4C4C-4EF0-8788-42B95AE022AE}.Release|Any CPU.ActiveCfg = Release|Any CPU
		{2ADFB94D-4C4C-4EF0-8788-42B95AE022AE}.Release|Any CPU.Build.0 = Release|Any CPU
		{ADF52BA7-09D4-48E4-BEB7-E76A496572DB}.Debug|Any CPU.ActiveCfg = Debug|Any CPU
		{ADF52BA7-09D4-48E4-BEB7-E76A496572DB}.Debug|Any CPU.Build.0 = Debug|Any CPU
		{ADF52BA7-09D4-48E4-BEB7-E76A496572DB}.Release|Any CPU.ActiveCfg = Release|Any CPU
		{ADF52BA7-09D4-48E4-BEB7-E76A496572DB}.Release|Any CPU.Build.0 = Release|Any CPU
		{A7CCD141-06D3-4C0B-AC7F-3A0D20D1BE51}.Debug|Any CPU.ActiveCfg = Debug|Any CPU
		{A7CCD141-06D3-4C0B-AC7F-3A0D20D1BE51}.Debug|Any CPU.Build.0 = Debug|Any CPU
		{A7CCD141-06D3-4C0B-AC7F-3A0D20D1BE51}.Release|Any CPU.ActiveCfg = Release|Any CPU
		{A7CCD141-06D3-4C0B-AC7F-3A0D20D1BE51}.Release|Any CPU.Build.0 = Release|Any CPU
	EndGlobalSection
	GlobalSection(SolutionProperties) = preSolution
		HideSolutionNode = FALSE
	EndGlobalSection
EndGlobal
