
Microsoft Visual Studio Solution File, Format Version 12.00
# Visual Studio Version 17
VisualStudioVersion = 17.8.34511.84
MinimumVisualStudioVersion = 10.0.40219.1
Project("{9A19103F-16F7-4668-BE54-9A1E7A4F7556}") = "01.OldBooks", "01.OldBooks\01.OldBooks.csproj", "{BB593632-DAFC-4516-B5F2-8B138E2B8588}"
EndProject
Project("{9A19103F-16F7-4668-BE54-9A1E7A4F7556}") = "02.ExamPreparation", "02.ExamPreparation\02.ExamPreparation.csproj", "{A31BB455-7B59-411C-877B-095096E9875B}"
EndProject
Project("{FAE04EC0-301F-11D3-BF4B-00C04F79EFBC}") = "03.Vacation", "03.Vacation\03.Vacation.csproj", "{A0CC4D47-92E0-4CB2-BECE-39C9510D2093}"
EndProject
Project("{FAE04EC0-301F-11D3-BF4B-00C04F79EFBC}") = "04.Walking", "04.Walking\04.Walking.csproj", "{8EF02F91-3EC6-49B0-B0F9-C22189DF4761}"
EndProject
Project("{FAE04EC0-301F-11D3-BF4B-00C04F79EFBC}") = "05.Coins", "05.Coins\05.Coins.csproj", "{C0B095CF-A2F6-40DF-8256-986640EB57AF}"
EndProject
Project("{FAE04EC0-301F-11D3-BF4B-00C04F79EFBC}") = "06.Cake", "06.Cake\06.Cake.csproj", "{0A2A3CF3-1FCE-46CC-BCD8-6ABD8141CFC6}"
EndProject
Project("{FAE04EC0-301F-11D3-BF4B-00C04F79EFBC}") = "07.Moving", "07.Moving\07.Moving.csproj", "{E2A604B7-5E5A-43E6-8599-14B12089A58F}"
EndProject
Global
	GlobalSection(SolutionConfigurationPlatforms) = preSolution
		Debug|Any CPU = Debug|Any CPU
		Release|Any CPU = Release|Any CPU
	EndGlobalSection
	GlobalSection(ProjectConfigurationPlatforms) = postSolution
		{BB593632-DAFC-4516-B5F2-8B138E2B8588}.Debug|Any CPU.ActiveCfg = Debug|Any CPU
		{BB593632-DAFC-4516-B5F2-8B138E2B8588}.Debug|Any CPU.Build.0 = Debug|Any CPU
		{BB593632-DAFC-4516-B5F2-8B138E2B8588}.Release|Any CPU.ActiveCfg = Release|Any CPU
		{BB593632-DAFC-4516-B5F2-8B138E2B8588}.Release|Any CPU.Build.0 = Release|Any CPU
		{A31BB455-7B59-411C-877B-095096E9875B}.Debug|Any CPU.ActiveCfg = Debug|Any CPU
		{A31BB455-7B59-411C-877B-095096E9875B}.Debug|Any CPU.Build.0 = Debug|Any CPU
		{A31BB455-7B59-411C-877B-095096E9875B}.Release|Any CPU.ActiveCfg = Release|Any CPU
		{A31BB455-7B59-411C-877B-095096E9875B}.Release|Any CPU.Build.0 = Release|Any CPU
		{A0CC4D47-92E0-4CB2-BECE-39C9510D2093}.Debug|Any CPU.ActiveCfg = Debug|Any CPU
		{A0CC4D47-92E0-4CB2-BECE-39C9510D2093}.Debug|Any CPU.Build.0 = Debug|Any CPU
		{A0CC4D47-92E0-4CB2-BECE-39C9510D2093}.Release|Any CPU.ActiveCfg = Release|Any CPU
		{A0CC4D47-92E0-4CB2-BECE-39C9510D2093}.Release|Any CPU.Build.0 = Release|Any CPU
		{8EF02F91-3EC6-49B0-B0F9-C22189DF4761}.Debug|Any CPU.ActiveCfg = Debug|Any CPU
		{8EF02F91-3EC6-49B0-B0F9-C22189DF4761}.Debug|Any CPU.Build.0 = Debug|Any CPU
		{8EF02F91-3EC6-49B0-B0F9-C22189DF4761}.Release|Any CPU.ActiveCfg = Release|Any CPU
		{8EF02F91-3EC6-49B0-B0F9-C22189DF4761}.Release|Any CPU.Build.0 = Release|Any CPU
		{C0B095CF-A2F6-40DF-8256-986640EB57AF}.Debug|Any CPU.ActiveCfg = Debug|Any CPU
		{C0B095CF-A2F6-40DF-8256-986640EB57AF}.Debug|Any CPU.Build.0 = Debug|Any CPU
		{C0B095CF-A2F6-40DF-8256-986640EB57AF}.Release|Any CPU.ActiveCfg = Release|Any CPU
		{C0B095CF-A2F6-40DF-8256-986640EB57AF}.Release|Any CPU.Build.0 = Release|Any CPU
		{0A2A3CF3-1FCE-46CC-BCD8-6ABD8141CFC6}.Debug|Any CPU.ActiveCfg = Debug|Any CPU
		{0A2A3CF3-1FCE-46CC-BCD8-6ABD8141CFC6}.Debug|Any CPU.Build.0 = Debug|Any CPU
		{0A2A3CF3-1FCE-46CC-BCD8-6ABD8141CFC6}.Release|Any CPU.ActiveCfg = Release|Any CPU
		{0A2A3CF3-1FCE-46CC-BCD8-6ABD8141CFC6}.Release|Any CPU.Build.0 = Release|Any CPU
		{E2A604B7-5E5A-43E6-8599-14B12089A58F}.Debug|Any CPU.ActiveCfg = Debug|Any CPU
		{E2A604B7-5E5A-43E6-8599-14B12089A58F}.Debug|Any CPU.Build.0 = Debug|Any CPU
		{E2A604B7-5E5A-43E6-8599-14B12089A58F}.Release|Any CPU.ActiveCfg = Release|Any CPU
		{E2A604B7-5E5A-43E6-8599-14B12089A58F}.Release|Any CPU.Build.0 = Release|Any CPU
	EndGlobalSection
	GlobalSection(SolutionProperties) = preSolution
		HideSolutionNode = FALSE
	EndGlobalSection
	GlobalSection(ExtensibilityGlobals) = postSolution
		SolutionGuid = {17270DA5-E4DA-4E0B-9220-C9C72302736C}
	EndGlobalSection
EndGlobal
