
Microsoft Visual Studio Solution File, Format Version 12.00
# Visual Studio Version 17
VisualStudioVersion = 17.8.34601.278
MinimumVisualStudioVersion = 10.0.40219.1
Project("{9A19103F-16F7-4668-BE54-9A1E7A4F7556}") = "01.Ages", "01.Ages\01.Ages.csproj", "{81670F67-FC89-4CE6-AA15-CD03E3CD6D78}"
EndProject
Project("{9A19103F-16F7-4668-BE54-9A1E7A4F7556}") = "02.Division", "02.Division\02.Division.csproj", "{7985A814-B7A3-4554-BE32-917F1E150EFC}"
EndProject
Project("{9A19103F-16F7-4668-BE54-9A1E7A4F7556}") = "03.Vacation", "03.Vacation\03.Vacation.csproj", "{3EE48D2E-E73B-4BE5-BACC-88780306C4E1}"
EndProject
Project("{FAE04EC0-301F-11D3-BF4B-00C04F79EFBC}") = "04.PrintAndSum", "04.PrintAndSum\04.PrintAndSum.csproj", "{1A79DF2A-04F7-4F1B-8D18-86598A35A3C7}"
EndProject
Project("{FAE04EC0-301F-11D3-BF4B-00C04F79EFBC}") = "05.Login", "05.Login\05.Login.csproj", "{AF6CB833-3B52-48EE-BCBA-C34E4C6E542B}"
EndProject
Project("{FAE04EC0-301F-11D3-BF4B-00C04F79EFBC}") = "06.StrongNumber", "06.StrongNumber\06.StrongNumber.csproj", "{D4C42DFF-9AED-42E5-9C9D-4CF7230BA01F}"
EndProject
Project("{FAE04EC0-301F-11D3-BF4B-00C04F79EFBC}") = "07.VendingMachine", "07.VendingMachine\07.VendingMachine.csproj", "{8DB7A1AB-8726-43EA-8B73-6CBAE32FD24F}"
EndProject
Project("{FAE04EC0-301F-11D3-BF4B-00C04F79EFBC}") = "08.TriangleОfNumbers", "08.TriangleОfNumbers\08.TriangleОfNumbers.csproj", "{70466379-5057-49C9-903D-621A57626B21}"
EndProject
Project("{FAE04EC0-301F-11D3-BF4B-00C04F79EFBC}") = "09.PadawanEquipment", "09.PadawanEquipment\09.PadawanEquipment.csproj", "{9B16DF6A-4F8A-4F58-A20A-0C7663C0EB25}"
EndProject
Project("{FAE04EC0-301F-11D3-BF4B-00C04F79EFBC}") = "10.RageExpenses", "10.RageExpenses\10.RageExpenses.csproj", "{17F8DAB3-6D0C-4E33-9F13-479E1FE9AC64}"
EndProject
Project("{FAE04EC0-301F-11D3-BF4B-00C04F79EFBC}") = "11.Orders", "11.Orders\11.Orders.csproj", "{942057D8-7A8A-4FC8-9241-6D6A99003348}"
EndProject
Global
	GlobalSection(SolutionConfigurationPlatforms) = preSolution
		Debug|Any CPU = Debug|Any CPU
		Release|Any CPU = Release|Any CPU
	EndGlobalSection
	GlobalSection(ProjectConfigurationPlatforms) = postSolution
		{81670F67-FC89-4CE6-AA15-CD03E3CD6D78}.Debug|Any CPU.ActiveCfg = Debug|Any CPU
		{81670F67-FC89-4CE6-AA15-CD03E3CD6D78}.Debug|Any CPU.Build.0 = Debug|Any CPU
		{81670F67-FC89-4CE6-AA15-CD03E3CD6D78}.Release|Any CPU.ActiveCfg = Release|Any CPU
		{81670F67-FC89-4CE6-AA15-CD03E3CD6D78}.Release|Any CPU.Build.0 = Release|Any CPU
		{7985A814-B7A3-4554-BE32-917F1E150EFC}.Debug|Any CPU.ActiveCfg = Debug|Any CPU
		{7985A814-B7A3-4554-BE32-917F1E150EFC}.Debug|Any CPU.Build.0 = Debug|Any CPU
		{7985A814-B7A3-4554-BE32-917F1E150EFC}.Release|Any CPU.ActiveCfg = Release|Any CPU
		{7985A814-B7A3-4554-BE32-917F1E150EFC}.Release|Any CPU.Build.0 = Release|Any CPU
		{3EE48D2E-E73B-4BE5-BACC-88780306C4E1}.Debug|Any CPU.ActiveCfg = Debug|Any CPU
		{3EE48D2E-E73B-4BE5-BACC-88780306C4E1}.Debug|Any CPU.Build.0 = Debug|Any CPU
		{3EE48D2E-E73B-4BE5-BACC-88780306C4E1}.Release|Any CPU.ActiveCfg = Release|Any CPU
		{3EE48D2E-E73B-4BE5-BACC-88780306C4E1}.Release|Any CPU.Build.0 = Release|Any CPU
		{1A79DF2A-04F7-4F1B-8D18-86598A35A3C7}.Debug|Any CPU.ActiveCfg = Debug|Any CPU
		{1A79DF2A-04F7-4F1B-8D18-86598A35A3C7}.Debug|Any CPU.Build.0 = Debug|Any CPU
		{1A79DF2A-04F7-4F1B-8D18-86598A35A3C7}.Release|Any CPU.ActiveCfg = Release|Any CPU
		{1A79DF2A-04F7-4F1B-8D18-86598A35A3C7}.Release|Any CPU.Build.0 = Release|Any CPU
		{AF6CB833-3B52-48EE-BCBA-C34E4C6E542B}.Debug|Any CPU.ActiveCfg = Debug|Any CPU
		{AF6CB833-3B52-48EE-BCBA-C34E4C6E542B}.Debug|Any CPU.Build.0 = Debug|Any CPU
		{AF6CB833-3B52-48EE-BCBA-C34E4C6E542B}.Release|Any CPU.ActiveCfg = Release|Any CPU
		{AF6CB833-3B52-48EE-BCBA-C34E4C6E542B}.Release|Any CPU.Build.0 = Release|Any CPU
		{D4C42DFF-9AED-42E5-9C9D-4CF7230BA01F}.Debug|Any CPU.ActiveCfg = Debug|Any CPU
		{D4C42DFF-9AED-42E5-9C9D-4CF7230BA01F}.Debug|Any CPU.Build.0 = Debug|Any CPU
		{D4C42DFF-9AED-42E5-9C9D-4CF7230BA01F}.Release|Any CPU.ActiveCfg = Release|Any CPU
		{D4C42DFF-9AED-42E5-9C9D-4CF7230BA01F}.Release|Any CPU.Build.0 = Release|Any CPU
		{8DB7A1AB-8726-43EA-8B73-6CBAE32FD24F}.Debug|Any CPU.ActiveCfg = Debug|Any CPU
		{8DB7A1AB-8726-43EA-8B73-6CBAE32FD24F}.Debug|Any CPU.Build.0 = Debug|Any CPU
		{8DB7A1AB-8726-43EA-8B73-6CBAE32FD24F}.Release|Any CPU.ActiveCfg = Release|Any CPU
		{8DB7A1AB-8726-43EA-8B73-6CBAE32FD24F}.Release|Any CPU.Build.0 = Release|Any CPU
		{70466379-5057-49C9-903D-621A57626B21}.Debug|Any CPU.ActiveCfg = Debug|Any CPU
		{70466379-5057-49C9-903D-621A57626B21}.Debug|Any CPU.Build.0 = Debug|Any CPU
		{70466379-5057-49C9-903D-621A57626B21}.Release|Any CPU.ActiveCfg = Release|Any CPU
		{70466379-5057-49C9-903D-621A57626B21}.Release|Any CPU.Build.0 = Release|Any CPU
		{9B16DF6A-4F8A-4F58-A20A-0C7663C0EB25}.Debug|Any CPU.ActiveCfg = Debug|Any CPU
		{9B16DF6A-4F8A-4F58-A20A-0C7663C0EB25}.Debug|Any CPU.Build.0 = Debug|Any CPU
		{9B16DF6A-4F8A-4F58-A20A-0C7663C0EB25}.Release|Any CPU.ActiveCfg = Release|Any CPU
		{9B16DF6A-4F8A-4F58-A20A-0C7663C0EB25}.Release|Any CPU.Build.0 = Release|Any CPU
		{17F8DAB3-6D0C-4E33-9F13-479E1FE9AC64}.Debug|Any CPU.ActiveCfg = Debug|Any CPU
		{17F8DAB3-6D0C-4E33-9F13-479E1FE9AC64}.Debug|Any CPU.Build.0 = Debug|Any CPU
		{17F8DAB3-6D0C-4E33-9F13-479E1FE9AC64}.Release|Any CPU.ActiveCfg = Release|Any CPU
		{17F8DAB3-6D0C-4E33-9F13-479E1FE9AC64}.Release|Any CPU.Build.0 = Release|Any CPU
		{942057D8-7A8A-4FC8-9241-6D6A99003348}.Debug|Any CPU.ActiveCfg = Debug|Any CPU
		{942057D8-7A8A-4FC8-9241-6D6A99003348}.Debug|Any CPU.Build.0 = Debug|Any CPU
		{942057D8-7A8A-4FC8-9241-6D6A99003348}.Release|Any CPU.ActiveCfg = Release|Any CPU
		{942057D8-7A8A-4FC8-9241-6D6A99003348}.Release|Any CPU.Build.0 = Release|Any CPU
	EndGlobalSection
	GlobalSection(SolutionProperties) = preSolution
		HideSolutionNode = FALSE
	EndGlobalSection
	GlobalSection(ExtensibilityGlobals) = postSolution
		SolutionGuid = {0ADB9D4B-5DE0-4A6F-96BE-086CC158A99F}
	EndGlobalSection
EndGlobal
